
Microsoft Visual Studio Solution File, Format Version 12.00
# Visual Studio 15
VisualStudioVersion = 15.0.28307.902
MinimumVisualStudioVersion = 10.0.40219.1
Project("{FAE04EC0-301F-11D3-BF4B-00C04F79EFBC}") = "TestMobileApp.Android", "TestMobileApp\TestMobileApp.Android\TestMobileApp.Android.csproj", "{0A60F783-52A8-4E09-A1CC-5C2051394057}"
EndProject
Project("{FAE04EC0-301F-11D3-BF4B-00C04F79EFBC}") = "TestMobileApp.iOS", "TestMobileApp\TestMobileApp.iOS\TestMobileApp.iOS.csproj", "{7BB6FC89-88E0-4718-9944-18EC53A5B618}"
EndProject
Project("{FAE04EC0-301F-11D3-BF4B-00C04F79EFBC}") = "TestMobileApp", "TestMobileApp\TestMobileApp\TestMobileApp.csproj", "{59A1088D-AA2F-4FEA-837E-6F211AE363CD}"
EndProject
Global
	GlobalSection(SolutionConfigurationPlatforms) = preSolution
		Ad-Hoc|Any CPU = Ad-Hoc|Any CPU
		Ad-Hoc|iPhone = Ad-Hoc|iPhone
		Ad-Hoc|iPhoneSimulator = Ad-Hoc|iPhoneSimulator
		AppStore|Any CPU = AppStore|Any CPU
		AppStore|iPhone = AppStore|iPhone
		AppStore|iPhoneSimulator = AppStore|iPhoneSimulator
		Debug|Any CPU = Debug|Any CPU
		Debug|iPhone = Debug|iPhone
		Debug|iPhoneSimulator = Debug|iPhoneSimulator
		Release|Any CPU = Release|Any CPU
		Release|iPhone = Release|iPhone
		Release|iPhoneSimulator = Release|iPhoneSimulator
	EndGlobalSection
	GlobalSection(ProjectConfigurationPlatforms) = postSolution
		{0A60F783-52A8-4E09-A1CC-5C2051394057}.Ad-Hoc|Any CPU.ActiveCfg = Release|Any CPU
		{0A60F783-52A8-4E09-A1CC-5C2051394057}.Ad-Hoc|Any CPU.Build.0 = Release|Any CPU
		{0A60F783-52A8-4E09-A1CC-5C2051394057}.Ad-Hoc|Any CPU.Deploy.0 = Release|Any CPU
		{0A60F783-52A8-4E09-A1CC-5C2051394057}.Ad-Hoc|iPhone.ActiveCfg = Release|Any CPU
		{0A60F783-52A8-4E09-A1CC-5C2051394057}.Ad-Hoc|iPhone.Build.0 = Release|Any CPU
		{0A60F783-52A8-4E09-A1CC-5C2051394057}.Ad-Hoc|iPhone.Deploy.0 = Release|Any CPU
		{0A60F783-52A8-4E09-A1CC-5C2051394057}.Ad-Hoc|iPhoneSimulator.ActiveCfg = Release|Any CPU
		{0A60F783-52A8-4E09-A1CC-5C2051394057}.Ad-Hoc|iPhoneSimulator.Build.0 = Release|Any CPU
		{0A60F783-52A8-4E09-A1CC-5C2051394057}.Ad-Hoc|iPhoneSimulator.Deploy.0 = Release|Any CPU
		{0A60F783-52A8-4E09-A1CC-5C2051394057}.AppStore|Any CPU.ActiveCfg = Release|Any CPU
		{0A60F783-52A8-4E09-A1CC-5C2051394057}.AppStore|Any CPU.Build.0 = Release|Any CPU
		{0A60F783-52A8-4E09-A1CC-5C2051394057}.AppStore|Any CPU.Deploy.0 = Release|Any CPU
		{0A60F783-52A8-4E09-A1CC-5C2051394057}.AppStore|iPhone.ActiveCfg = Release|Any CPU
		{0A60F783-52A8-4E09-A1CC-5C2051394057}.AppStore|iPhone.Build.0 = Release|Any CPU
		{0A60F783-52A8-4E09-A1CC-5C2051394057}.AppStore|iPhone.Deploy.0 = Release|Any CPU
		{0A60F783-52A8-4E09-A1CC-5C2051394057}.AppStore|iPhoneSimulator.ActiveCfg = Release|Any CPU
		{0A60F783-52A8-4E09-A1CC-5C2051394057}.AppStore|iPhoneSimulator.Build.0 = Release|Any CPU
		{0A60F783-52A8-4E09-A1CC-5C2051394057}.AppStore|iPhoneSimulator.Deploy.0 = Release|Any CPU
		{0A60F783-52A8-4E09-A1CC-5C2051394057}.Debug|Any CPU.ActiveCfg = Debug|Any CPU
		{0A60F783-52A8-4E09-A1CC-5C2051394057}.Debug|Any CPU.Build.0 = Debug|Any CPU
		{0A60F783-52A8-4E09-A1CC-5C2051394057}.Debug|Any CPU.Deploy.0 = Debug|Any CPU
		{0A60F783-52A8-4E09-A1CC-5C2051394057}.Debug|iPhone.ActiveCfg = Debug|Any CPU
		{0A60F783-52A8-4E09-A1CC-5C2051394057}.Debug|iPhone.Build.0 = Debug|Any CPU
		{0A60F783-52A8-4E09-A1CC-5C2051394057}.Debug|iPhone.Deploy.0 = Debug|Any CPU
		{0A60F783-52A8-4E09-A1CC-5C2051394057}.Debug|iPhoneSimulator.ActiveCfg = Debug|Any CPU
		{0A60F783-52A8-4E09-A1CC-5C2051394057}.Debug|iPhoneSimulator.Build.0 = Debug|Any CPU
		{0A60F783-52A8-4E09-A1CC-5C2051394057}.Debug|iPhoneSimulator.Deploy.0 = Debug|Any CPU
		{0A60F783-52A8-4E09-A1CC-5C2051394057}.Release|Any CPU.ActiveCfg = Release|Any CPU
		{0A60F783-52A8-4E09-A1CC-5C2051394057}.Release|Any CPU.Build.0 = Release|Any CPU
		{0A60F783-52A8-4E09-A1CC-5C2051394057}.Release|Any CPU.Deploy.0 = Release|Any CPU
		{0A60F783-52A8-4E09-A1CC-5C2051394057}.Release|iPhone.ActiveCfg = Release|Any CPU
		{0A60F783-52A8-4E09-A1CC-5C2051394057}.Release|iPhone.Build.0 = Release|Any CPU
		{0A60F783-52A8-4E09-A1CC-5C2051394057}.Release|iPhone.Deploy.0 = Release|Any CPU
		{0A60F783-52A8-4E09-A1CC-5C2051394057}.Release|iPhoneSimulator.ActiveCfg = Release|Any CPU
		{0A60F783-52A8-4E09-A1CC-5C2051394057}.Release|iPhoneSimulator.Build.0 = Release|Any CPU
		{0A60F783-52A8-4E09-A1CC-5C2051394057}.Release|iPhoneSimulator.Deploy.0 = Release|Any CPU
		{7BB6FC89-88E0-4718-9944-18EC53A5B618}.Ad-Hoc|Any CPU.ActiveCfg = Ad-Hoc|iPhone
		{7BB6FC89-88E0-4718-9944-18EC53A5B618}.Ad-Hoc|Any CPU.Build.0 = Ad-Hoc|iPhone
		{7BB6FC89-88E0-4718-9944-18EC53A5B618}.Ad-Hoc|Any CPU.Deploy.0 = Ad-Hoc|iPhone
		{7BB6FC89-88E0-4718-9944-18EC53A5B618}.Ad-Hoc|iPhone.ActiveCfg = Ad-Hoc|iPhone
		{7BB6FC89-88E0-4718-9944-18EC53A5B618}.Ad-Hoc|iPhone.Build.0 = Ad-Hoc|iPhone
		{7BB6FC89-88E0-4718-9944-18EC53A5B618}.Ad-Hoc|iPhone.Deploy.0 = Ad-Hoc|iPhone
		{7BB6FC89-88E0-4718-9944-18EC53A5B618}.Ad-Hoc|iPhoneSimulator.ActiveCfg = Ad-Hoc|iPhoneSimulator
		{7BB6FC89-88E0-4718-9944-18EC53A5B618}.Ad-Hoc|iPhoneSimulator.Build.0 = Ad-Hoc|iPhoneSimulator
		{7BB6FC89-88E0-4718-9944-18EC53A5B618}.Ad-Hoc|iPhoneSimulator.Deploy.0 = Ad-Hoc|iPhoneSimulator
		{7BB6FC89-88E0-4718-9944-18EC53A5B618}.AppStore|Any CPU.ActiveCfg = AppStore|iPhone
		{7BB6FC89-88E0-4718-9944-18EC53A5B618}.AppStore|Any CPU.Build.0 = AppStore|iPhone
		{7BB6FC89-88E0-4718-9944-18EC53A5B618}.AppStore|Any CPU.Deploy.0 = AppStore|iPhone
		{7BB6FC89-88E0-4718-9944-18EC53A5B618}.AppStore|iPhone.ActiveCfg = AppStore|iPhone
		{7BB6FC89-88E0-4718-9944-18EC53A5B618}.AppStore|iPhone.Build.0 = AppStore|iPhone
		{7BB6FC89-88E0-4718-9944-18EC53A5B618}.AppStore|iPhone.Deploy.0 = AppStore|iPhone
		{7BB6FC89-88E0-4718-9944-18EC53A5B618}.AppStore|iPhoneSimulator.ActiveCfg = AppStore|iPhoneSimulator
		{7BB6FC89-88E0-4718-9944-18EC53A5B618}.AppStore|iPhoneSimulator.Build.0 = AppStore|iPhoneSimulator
		{7BB6FC89-88E0-4718-9944-18EC53A5B618}.AppStore|iPhoneSimulator.Deploy.0 = AppStore|iPhoneSimulator
		{7BB6FC89-88E0-4718-9944-18EC53A5B618}.Debug|Any CPU.ActiveCfg = Debug|iPhoneSimulator
		{7BB6FC89-88E0-4718-9944-18EC53A5B618}.Debug|Any CPU.Build.0 = Debug|iPhoneSimulator
		{7BB6FC89-88E0-4718-9944-18EC53A5B618}.Debug|Any CPU.Deploy.0 = Debug|iPhoneSimulator
		{7BB6FC89-88E0-4718-9944-18EC53A5B618}.Debug|iPhone.ActiveCfg = Debug|iPhone
		{7BB6FC89-88E0-4718-9944-18EC53A5B618}.Debug|iPhone.Build.0 = Debug|iPhone
		{7BB6FC89-88E0-4718-9944-18EC53A5B618}.Debug|iPhone.Deploy.0 = Debug|iPhone
		{7BB6FC89-88E0-4718-9944-18EC53A5B618}.Debug|iPhoneSimulator.ActiveCfg = Debug|iPhoneSimulator
		{7BB6FC89-88E0-4718-9944-18EC53A5B618}.Debug|iPhoneSimulator.Build.0 = Debug|iPhoneSimulator
		{7BB6FC89-88E0-4718-9944-18EC53A5B618}.Debug|iPhoneSimulator.Deploy.0 = Debug|iPhoneSimulator
		{7BB6FC89-88E0-4718-9944-18EC53A5B618}.Release|Any CPU.ActiveCfg = Release|iPhone
		{7BB6FC89-88E0-4718-9944-18EC53A5B618}.Release|Any CPU.Build.0 = Release|iPhone
		{7BB6FC89-88E0-4718-9944-18EC53A5B618}.Release|Any CPU.Deploy.0 = Release|iPhone
		{7BB6FC89-88E0-4718-9944-18EC53A5B618}.Release|iPhone.ActiveCfg = Release|iPhone
		{7BB6FC89-88E0-4718-9944-18EC53A5B618}.Release|iPhone.Build.0 = Release|iPhone
		{7BB6FC89-88E0-4718-9944-18EC53A5B618}.Release|iPhone.Deploy.0 = Release|iPhone
		{7BB6FC89-88E0-4718-9944-18EC53A5B618}.Release|iPhoneSimulator.ActiveCfg = Release|iPhoneSimulator
		{7BB6FC89-88E0-4718-9944-18EC53A5B618}.Release|iPhoneSimulator.Build.0 = Release|iPhoneSimulator
		{7BB6FC89-88E0-4718-9944-18EC53A5B618}.Release|iPhoneSimulator.Deploy.0 = Release|iPhoneSimulator
		{59A1088D-AA2F-4FEA-837E-6F211AE363CD}.Ad-Hoc|Any CPU.ActiveCfg = Debug|Any CPU
		{59A1088D-AA2F-4FEA-837E-6F211AE363CD}.Ad-Hoc|Any CPU.Build.0 = Debug|Any CPU
		{59A1088D-AA2F-4FEA-837E-6F211AE363CD}.Ad-Hoc|Any CPU.Deploy.0 = Debug|Any CPU
		{59A1088D-AA2F-4FEA-837E-6F211AE363CD}.Ad-Hoc|iPhone.ActiveCfg = Debug|Any CPU
		{59A1088D-AA2F-4FEA-837E-6F211AE363CD}.Ad-Hoc|iPhone.Build.0 = Debug|Any CPU
		{59A1088D-AA2F-4FEA-837E-6F211AE363CD}.Ad-Hoc|iPhone.Deploy.0 = Debug|Any CPU
		{59A1088D-AA2F-4FEA-837E-6F211AE363CD}.Ad-Hoc|iPhoneSimulator.ActiveCfg = Debug|Any CPU
		{59A1088D-AA2F-4FEA-837E-6F211AE363CD}.Ad-Hoc|iPhoneSimulator.Build.0 = Debug|Any CPU
		{59A1088D-AA2F-4FEA-837E-6F211AE363CD}.Ad-Hoc|iPhoneSimulator.Deploy.0 = Debug|Any CPU
		{59A1088D-AA2F-4FEA-837E-6F211AE363CD}.AppStore|Any CPU.ActiveCfg = Debug|Any CPU
		{59A1088D-AA2F-4FEA-837E-6F211AE363CD}.AppStore|Any CPU.Build.0 = Debug|Any CPU
		{59A1088D-AA2F-4FEA-837E-6F211AE363CD}.AppStore|Any CPU.Deploy.0 = Debug|Any CPU
		{59A1088D-AA2F-4FEA-837E-6F211AE363CD}.AppStore|iPhone.ActiveCfg = Debug|Any CPU
		{59A1088D-AA2F-4FEA-837E-6F211AE363CD}.AppStore|iPhone.Build.0 = Debug|Any CPU
		{59A1088D-AA2F-4FEA-837E-6F211AE363CD}.AppStore|iPhone.Deploy.0 = Debug|Any CPU
		{59A1088D-AA2F-4FEA-837E-6F211AE363CD}.AppStore|iPhoneSimulator.ActiveCfg = Debug|Any CPU
		{59A1088D-AA2F-4FEA-837E-6F211AE363CD}.AppStore|iPhoneSimulator.Build.0 = Debug|Any CPU
		{59A1088D-AA2F-4FEA-837E-6F211AE363CD}.AppStore|iPhoneSimulator.Deploy.0 = Debug|Any CPU
		{59A1088D-AA2F-4FEA-837E-6F211AE363CD}.Debug|Any CPU.ActiveCfg = Debug|Any CPU
		{59A1088D-AA2F-4FEA-837E-6F211AE363CD}.Debug|Any CPU.Build.0 = Debug|Any CPU
		{59A1088D-AA2F-4FEA-837E-6F211AE363CD}.Debug|Any CPU.Deploy.0 = Debug|Any CPU
		{59A1088D-AA2F-4FEA-837E-6F211AE363CD}.Debug|iPhone.ActiveCfg = Debug|Any CPU
		{59A1088D-AA2F-4FEA-837E-6F211AE363CD}.Debug|iPhone.Build.0 = Debug|Any CPU
		{59A1088D-AA2F-4FEA-837E-6F211AE363CD}.Debug|iPhone.Deploy.0 = Debug|Any CPU
		{59A1088D-AA2F-4FEA-837E-6F211AE363CD}.Debug|iPhoneSimulator.ActiveCfg = Debug|Any CPU
		{59A1088D-AA2F-4FEA-837E-6F211AE363CD}.Debug|iPhoneSimulator.Build.0 = Debug|Any CPU
		{59A1088D-AA2F-4FEA-837E-6F211AE363CD}.Debug|iPhoneSimulator.Deploy.0 = Debug|Any CPU
		{59A1088D-AA2F-4FEA-837E-6F211AE363CD}.Release|Any CPU.ActiveCfg = Release|Any CPU
		{59A1088D-AA2F-4FEA-837E-6F211AE363CD}.Release|Any CPU.Build.0 = Release|Any CPU
		{59A1088D-AA2F-4FEA-837E-6F211AE363CD}.Release|Any CPU.Deploy.0 = Release|Any CPU
		{59A1088D-AA2F-4FEA-837E-6F211AE363CD}.Release|iPhone.ActiveCfg = Release|Any CPU
		{59A1088D-AA2F-4FEA-837E-6F211AE363CD}.Release|iPhone.Build.0 = Release|Any CPU
		{59A1088D-AA2F-4FEA-837E-6F211AE363CD}.Release|iPhone.Deploy.0 = Release|Any CPU
		{59A1088D-AA2F-4FEA-837E-6F211AE363CD}.Release|iPhoneSimulator.ActiveCfg = Release|Any CPU
		{59A1088D-AA2F-4FEA-837E-6F211AE363CD}.Release|iPhoneSimulator.Build.0 = Release|Any CPU
		{59A1088D-AA2F-4FEA-837E-6F211AE363CD}.Release|iPhoneSimulator.Deploy.0 = Release|Any CPU
	EndGlobalSection
	GlobalSection(SolutionProperties) = preSolution
		HideSolutionNode = FALSE
	EndGlobalSection
	GlobalSection(ExtensibilityGlobals) = postSolution
		SolutionGuid = {890DD549-8A0D-40D1-A486-7A9A17582B39}
	EndGlobalSection
EndGlobal
